
Microsoft Visual Studio Solution File, Format Version 12.00
# Visual Studio 15
VisualStudioVersion = 15.0.26430.16
MinimumVisualStudioVersion = 10.0.40219.1
Project("{FAE04EC0-301F-11D3-BF4B-00C04F79EFBC}") = "UmbracoFileSystemProviders.Azure", "UmbracoFileSystemProviders.Azure\UmbracoFileSystemProviders.Azure.csproj", "{749BC432-144A-4250-9066-D1FE170AFE42}"
EndProject
Project("{FAE04EC0-301F-11D3-BF4B-00C04F79EFBC}") = "UmbracoFileSystemProviders.Azure.Tests", "UmbracoFileSystemProviders.Azure.Tests\UmbracoFileSystemProviders.Azure.Tests.csproj", "{A1629F8A-54F8-42B4-AF91-66A0F958F1D2}"
EndProject
Project("{2150E333-8FDC-42A3-9474-1A3956D46DE8}") = "Solution Items", "Solution Items", "{AACE9F95-E2A5-4B66-B4D3-6CF0F53296DC}"
	ProjectSection(SolutionItems) = preProject
		..\README.md = ..\README.md
	EndProjectSection
EndProject
Project("{2150E333-8FDC-42A3-9474-1A3956D46DE8}") = "BuildPackage", "BuildPackage", "{DDE4D2E6-E526-4CB3-BECE-D89DFFB37B10}"
	ProjectSection(SolutionItems) = preProject
		..\appveyor.yml = ..\appveyor.yml
		..\build-appveyor.cmd = ..\build-appveyor.cmd
		..\build.cmd = ..\build.cmd
		..\build\transforms\FileSystemProviders.config.install.xdt = ..\build\transforms\FileSystemProviders.config.install.xdt
		..\build\transforms\FileSystemProviders.config.uninstall.xdt = ..\build\transforms\FileSystemProviders.config.uninstall.xdt
		..\build\transforms\imageprocessor.web.config.install.xdt = ..\build\transforms\imageprocessor.web.config.install.xdt
		..\build\transforms\media-web.config.install.xdt = ..\build\transforms\media-web.config.install.xdt
		..\build\transforms\media-web.config.uninstall.xdt = ..\build\transforms\media-web.config.uninstall.xdt
		..\build\package.nuspec = ..\build\package.nuspec
		..\build\package.proj = ..\build\package.proj
		..\build\package.xml = ..\build\package.xml
		..\build\transforms\security.config.install.xdt = ..\build\transforms\security.config.install.xdt
		..\build\UmbracoFileSystemProviders.Azure.proj = ..\build\UmbracoFileSystemProviders.Azure.proj
		..\build\transforms\web.config.install.xdt = ..\build\transforms\web.config.install.xdt
		..\build\transforms\web.config.uninstall.xdt = ..\build\transforms\web.config.uninstall.xdt
	EndProjectSection
EndProject
Project("{FAE04EC0-301F-11D3-BF4B-00C04F79EFBC}") = "UmbracoFileSystemProviders.Azure.Installer", "UmbracoFileSystemProviders.Azure.Installer\UmbracoFileSystemProviders.Azure.Installer.csproj", "{F67F3C8F-7B04-4D4F-A1FC-AD588E93AFB4}"
EndProject
Global
	GlobalSection(SolutionConfigurationPlatforms) = preSolution
		Debug|Any CPU = Debug|Any CPU
		Release|Any CPU = Release|Any CPU
	EndGlobalSection
	GlobalSection(ProjectConfigurationPlatforms) = postSolution
		{749BC432-144A-4250-9066-D1FE170AFE42}.Debug|Any CPU.ActiveCfg = Debug|Any CPU
		{749BC432-144A-4250-9066-D1FE170AFE42}.Debug|Any CPU.Build.0 = Debug|Any CPU
		{749BC432-144A-4250-9066-D1FE170AFE42}.Release|Any CPU.ActiveCfg = Release|Any CPU
		{749BC432-144A-4250-9066-D1FE170AFE42}.Release|Any CPU.Build.0 = Release|Any CPU
		{A1629F8A-54F8-42B4-AF91-66A0F958F1D2}.Debug|Any CPU.ActiveCfg = Debug|Any CPU
		{A1629F8A-54F8-42B4-AF91-66A0F958F1D2}.Debug|Any CPU.Build.0 = Debug|Any CPU
		{A1629F8A-54F8-42B4-AF91-66A0F958F1D2}.Release|Any CPU.ActiveCfg = Release|Any CPU
		{A1629F8A-54F8-42B4-AF91-66A0F958F1D2}.Release|Any CPU.Build.0 = Release|Any CPU
		{F67F3C8F-7B04-4D4F-A1FC-AD588E93AFB4}.Debug|Any CPU.ActiveCfg = Debug|Any CPU
		{F67F3C8F-7B04-4D4F-A1FC-AD588E93AFB4}.Debug|Any CPU.Build.0 = Debug|Any CPU
		{F67F3C8F-7B04-4D4F-A1FC-AD588E93AFB4}.Release|Any CPU.ActiveCfg = Release|Any CPU
		{F67F3C8F-7B04-4D4F-A1FC-AD588E93AFB4}.Release|Any CPU.Build.0 = Release|Any CPU
	EndGlobalSection
	GlobalSection(SolutionProperties) = preSolution
		HideSolutionNode = FALSE
	EndGlobalSection
EndGlobal
